
Microsoft Visual Studio Solution File, Format Version 12.00
# Visual Studio Version 17
VisualStudioVersion = 17.7.34202.233
MinimumVisualStudioVersion = 10.0.40219.1
Project("{FAE04EC0-301F-11D3-BF4B-00C04F79EFBC}") = "MentoriaAPI", "MentoriaAPI\MentoriaAPI.csproj", "{0DBF312B-2F77-483C-B5EA-C1101C5DC665}"
EndProject
Global
	GlobalSection(SolutionConfigurationPlatforms) = preSolution
		Debug|Any CPU = Debug|Any CPU
		Release|Any CPU = Release|Any CPU
	EndGlobalSection
	GlobalSection(ProjectConfigurationPlatforms) = postSolution
		{0DBF312B-2F77-483C-B5EA-C1101C5DC665}.Debug|Any CPU.ActiveCfg = Debug|Any CPU
		{0DBF312B-2F77-483C-B5EA-C1101C5DC665}.Debug|Any CPU.Build.0 = Debug|Any CPU
		{0DBF312B-2F77-483C-B5EA-C1101C5DC665}.Release|Any CPU.ActiveCfg = Release|Any CPU
		{0DBF312B-2F77-483C-B5EA-C1101C5DC665}.Release|Any CPU.Build.0 = Release|Any CPU
	EndGlobalSection
	GlobalSection(SolutionProperties) = preSolution
		HideSolutionNode = FALSE
	EndGlobalSection
	GlobalSection(ExtensibilityGlobals) = postSolution
		SolutionGuid = {4C23364D-7737-400E-AA6C-672A233FD0D3}
	EndGlobalSection
EndGlobal
